<Solution>
  <Folder Name="/samples/">
    <Project Path="samples/abnf.net.Demo/abnf.net.Demo.csproj" />
  </Folder>
  <Folder Name="/src/">
    <Project Path="src/abnf.net/abnf.net.csproj" />
  </Folder>
  <Folder Name="/tests/">
    <Project Path="tests/abnf.net.Tests/abnf.net.Tests.csproj" />
  </Folder>
</Solution>
